// !$*UTF8*$!
{
	archiveVersion = 1;
	classes = {
	};
	objectVersion = 50;
	objects = {

/* Begin PBXBuildFile section */
		9B253AAC22792405004A254A /* AppDelegate.swift in Sources */ = {isa = PBXBuildFile; fileRef = 9B253AAB22792405004A254A /* AppDelegate.swift */; };
		9B253AAE22792405004A254A /* DemoViewController.swift in Sources */ = {isa = PBXBuildFile; fileRef = 9B253AAD22792405004A254A /* DemoViewController.swift */; };
		9B253AB122792405004A254A /* Main.storyboard in Resources */ = {isa = PBXBuildFile; fileRef = 9B253AAF22792405004A254A /* Main.storyboard */; };
		9B253AB322792406004A254A /* Assets.xcassets in Resources */ = {isa = PBXBuildFile; fileRef = 9B253AB222792406004A254A /* Assets.xcassets */; };
		9B253AB622792406004A254A /* LaunchScreen.storyboard in Resources */ = {isa = PBXBuildFile; fileRef = 9B253AB422792406004A254A /* LaunchScreen.storyboard */; };
		9B253ADA22797262004A254A /* RatingControl.swift in Sources */ = {isa = PBXBuildFile; fileRef = 9B253AD922797262004A254A /* RatingControl.swift */; };
		9B253ADC227991C3004A254A /* Meal.swift in Sources */ = {isa = PBXBuildFile; fileRef = 9B253ADB227991C3004A254A /* Meal.swift */; };
		9B2560D72439693A00787530 /* ViewController.swift in Sources */ = {isa = PBXBuildFile; fileRef = 9B2560D62439693A00787530 /* ViewController.swift */; };
		9B256113243984ED00787530 /* ImageMeasureResourceBundle.bundle in Resources */ = {isa = PBXBuildFile; fileRef = 9B256103243984ED00787530 /* ImageMeasureResourceBundle.bundle */; };
		9B256114243984ED00787530 /* Gallery.framework.dSYM in Resources */ = {isa = PBXBuildFile; fileRef = 9B256105243984ED00787530 /* Gallery.framework.dSYM */; };
		9B256116243984ED00787530 /* SnapKit.framework.dSYM in Resources */ = {isa = PBXBuildFile; fileRef = 9B256108243984ED00787530 /* SnapKit.framework.dSYM */; };
		9B256118243984ED00787530 /* ImageMeasureFramework.framework.dSYM in Resources */ = {isa = PBXBuildFile; fileRef = 9B25610A243984ED00787530 /* ImageMeasureFramework.framework.dSYM */; };
		9B25611B243984ED00787530 /* PopMenu.framework.dSYM in Resources */ = {isa = PBXBuildFile; fileRef = 9B25610E243984ED00787530 /* PopMenu.framework.dSYM */; };
		9B25611D243984ED00787530 /* SideMenu.framework.dSYM in Resources */ = {isa = PBXBuildFile; fileRef = 9B256111243984ED00787530 /* SideMenu.framework.dSYM */; };
		9B25611F243984F400787530 /* Gallery.framework in Frameworks */ = {isa = PBXBuildFile; fileRef = 9B256106243984ED00787530 /* Gallery.framework */; };
		9B256120243984F400787530 /* Gallery.framework in Embed Frameworks */ = {isa = PBXBuildFile; fileRef = 9B256106243984ED00787530 /* Gallery.framework */; settings = {ATTRIBUTES = (CodeSignOnCopy, RemoveHeadersOnCopy, ); }; };
		9B256121243984F500787530 /* ImageMeasureFramework.framework in Frameworks */ = {isa = PBXBuildFile; fileRef = 9B25610F243984ED00787530 /* ImageMeasureFramework.framework */; };
		9B256122243984F600787530 /* ImageMeasureFramework.framework in Embed Frameworks */ = {isa = PBXBuildFile; fileRef = 9B25610F243984ED00787530 /* ImageMeasureFramework.framework */; settings = {ATTRIBUTES = (CodeSignOnCopy, RemoveHeadersOnCopy, ); }; };
		9B256125243984F900787530 /* PopMenu.framework in Frameworks */ = {isa = PBXBuildFile; fileRef = 9B25610D243984ED00787530 /* PopMenu.framework */; };
		9B256126243984F900787530 /* PopMenu.framework in Embed Frameworks */ = {isa = PBXBuildFile; fileRef = 9B25610D243984ED00787530 /* PopMenu.framework */; settings = {ATTRIBUTES = (CodeSignOnCopy, RemoveHeadersOnCopy, ); }; };
		9B256127243984FA00787530 /* SideMenu.framework in Frameworks */ = {isa = PBXBuildFile; fileRef = 9B256112243984ED00787530 /* SideMenu.framework */; };
		9B256128243984FA00787530 /* SideMenu.framework in Embed Frameworks */ = {isa = PBXBuildFile; fileRef = 9B256112243984ED00787530 /* SideMenu.framework */; settings = {ATTRIBUTES = (CodeSignOnCopy, RemoveHeadersOnCopy, ); }; };
		9B256129243984FB00787530 /* SnapKit.framework in Frameworks */ = {isa = PBXBuildFile; fileRef = 9B256109243984ED00787530 /* SnapKit.framework */; };
		9B25612A243984FB00787530 /* SnapKit.framework in Embed Frameworks */ = {isa = PBXBuildFile; fileRef = 9B256109243984ED00787530 /* SnapKit.framework */; settings = {ATTRIBUTES = (CodeSignOnCopy, RemoveHeadersOnCopy, ); }; };
/* End PBXBuildFile section */

/* Begin PBXCopyFilesBuildPhase section */
		9B25605A2438C27800787530 /* Embed Frameworks */ = {
			isa = PBXCopyFilesBuildPhase;
			buildActionMask = 2147483647;
			dstPath = "";
			dstSubfolderSpec = 10;
			files = (
				9B256122243984F600787530 /* ImageMeasureFramework.framework in Embed Frameworks */,
				9B256128243984FA00787530 /* SideMenu.framework in Embed Frameworks */,
				9B256126243984F900787530 /* PopMenu.framework in Embed Frameworks */,
				9B25612A243984FB00787530 /* SnapKit.framework in Embed Frameworks */,
				9B256120243984F400787530 /* Gallery.framework in Embed Frameworks */,
			);
			name = "Embed Frameworks";
			runOnlyForDeploymentPostprocessing = 0;
		};
/* End PBXCopyFilesBuildPhase section */

/* Begin PBXFileReference section */
		9B253AA822792405004A254A /* IMF-demo.app */ = {isa = PBXFileReference; explicitFileType = wrapper.application; includeInIndex = 0; path = "IMF-demo.app"; sourceTree = BUILT_PRODUCTS_DIR; };
		9B253AAB22792405004A254A /* AppDelegate.swift */ = {isa = PBXFileReference; lastKnownFileType = sourcecode.swift; path = AppDelegate.swift; sourceTree = "<group>"; };
		9B253AAD22792405004A254A /* DemoViewController.swift */ = {isa = PBXFileReference; lastKnownFileType = sourcecode.swift; path = DemoViewController.swift; sourceTree = "<group>"; };
		9B253AB022792405004A254A /* Base */ = {isa = PBXFileReference; lastKnownFileType = file.storyboard; name = Base; path = Base.lproj/Main.storyboard; sourceTree = "<group>"; };
		9B253AB222792406004A254A /* Assets.xcassets */ = {isa = PBXFileReference; lastKnownFileType = folder.assetcatalog; path = Assets.xcassets; sourceTree = "<group>"; };
		9B253AB522792406004A254A /* Base */ = {isa = PBXFileReference; lastKnownFileType = file.storyboard; name = Base; path = Base.lproj/LaunchScreen.storyboard; sourceTree = "<group>"; };
		9B253AB722792406004A254A /* Info.plist */ = {isa = PBXFileReference; lastKnownFileType = text.plist.xml; path = Info.plist; sourceTree = "<group>"; };
		9B253AD922797262004A254A /* RatingControl.swift */ = {isa = PBXFileReference; lastKnownFileType = sourcecode.swift; path = RatingControl.swift; sourceTree = "<group>"; };
		9B253ADB227991C3004A254A /* Meal.swift */ = {isa = PBXFileReference; lastKnownFileType = sourcecode.swift; path = Meal.swift; sourceTree = "<group>"; };
		9B2560D62439693A00787530 /* ViewController.swift */ = {isa = PBXFileReference; lastKnownFileType = sourcecode.swift; path = ViewController.swift; sourceTree = "<group>"; };
		9B256103243984ED00787530 /* ImageMeasureResourceBundle.bundle */ = {isa = PBXFileReference; lastKnownFileType = "wrapper.plug-in"; path = ImageMeasureResourceBundle.bundle; sourceTree = "<group>"; };
		9B256105243984ED00787530 /* Gallery.framework.dSYM */ = {isa = PBXFileReference; lastKnownFileType = wrapper.dsym; path = Gallery.framework.dSYM; sourceTree = "<group>"; };
		9B256106243984ED00787530 /* Gallery.framework */ = {isa = PBXFileReference; lastKnownFileType = wrapper.framework; path = Gallery.framework; sourceTree = "<group>"; };
		9B256108243984ED00787530 /* SnapKit.framework.dSYM */ = {isa = PBXFileReference; lastKnownFileType = wrapper.dsym; path = SnapKit.framework.dSYM; sourceTree = "<group>"; };
		9B256109243984ED00787530 /* SnapKit.framework */ = {isa = PBXFileReference; lastKnownFileType = wrapper.framework; path = SnapKit.framework; sourceTree = "<group>"; };
		9B25610A243984ED00787530 /* ImageMeasureFramework.framework.dSYM */ = {isa = PBXFileReference; lastKnownFileType = wrapper.dsym; path = ImageMeasureFramework.framework.dSYM; sourceTree = "<group>"; };
		9B25610D243984ED00787530 /* PopMenu.framework */ = {isa = PBXFileReference; lastKnownFileType = wrapper.framework; path = PopMenu.framework; sourceTree = "<group>"; };
		9B25610E243984ED00787530 /* PopMenu.framework.dSYM */ = {isa = PBXFileReference; lastKnownFileType = wrapper.dsym; path = PopMenu.framework.dSYM; sourceTree = "<group>"; };
		9B25610F243984ED00787530 /* ImageMeasureFramework.framework */ = {isa = PBXFileReference; lastKnownFileType = wrapper.framework; path = ImageMeasureFramework.framework; sourceTree = "<group>"; };
		9B256111243984ED00787530 /* SideMenu.framework.dSYM */ = {isa = PBXFileReference; lastKnownFileType = wrapper.dsym; path = SideMenu.framework.dSYM; sourceTree = "<group>"; };
		9B256112243984ED00787530 /* SideMenu.framework */ = {isa = PBXFileReference; lastKnownFileType = wrapper.framework; path = SideMenu.framework; sourceTree = "<group>"; };
/* End PBXFileReference section */

/* Begin PBXFrameworksBuildPhase section */
		9B253AA522792405004A254A /* Frameworks */ = {
			isa = PBXFrameworksBuildPhase;
			buildActionMask = 2147483647;
			files = (
				9B256127243984FA00787530 /* SideMenu.framework in Frameworks */,
				9B256125243984F900787530 /* PopMenu.framework in Frameworks */,
				9B25611F243984F400787530 /* Gallery.framework in Frameworks */,
				9B256129243984FB00787530 /* SnapKit.framework in Frameworks */,
				9B256121243984F500787530 /* ImageMeasureFramework.framework in Frameworks */,
			);
			runOnlyForDeploymentPostprocessing = 0;
		};
/* End PBXFrameworksBuildPhase section */

/* Begin PBXGroup section */
		9B253A9F22792404004A254A = {
			isa = PBXGroup;
			children = (
				9B256102243984ED00787530 /* IMF-release */,
				9B253AAA22792405004A254A /* IMFDemoApp */,
				9B253AA922792405004A254A /* Products */,
			);
			sourceTree = "<group>";
		};
		9B253AA922792405004A254A /* Products */ = {
			isa = PBXGroup;
			children = (
				9B253AA822792405004A254A /* IMF-demo.app */,
			);
			name = Products;
			sourceTree = "<group>";
		};
		9B253AAA22792405004A254A /* IMFDemoApp */ = {
			isa = PBXGroup;
			children = (
				9B253AAB22792405004A254A /* AppDelegate.swift */,
				9B2560D62439693A00787530 /* ViewController.swift */,
				9B253AAF22792405004A254A /* Main.storyboard */,
				9B2561012439847200787530 /* demoviews */,
				9B253AB222792406004A254A /* Assets.xcassets */,
				9B253AB422792406004A254A /* LaunchScreen.storyboard */,
				9B253AB722792406004A254A /* Info.plist */,
			);
			path = IMFDemoApp;
			sourceTree = "<group>";
		};
		9B2561012439847200787530 /* demoviews */ = {
			isa = PBXGroup;
			children = (
				9B253AAD22792405004A254A /* DemoViewController.swift */,
				9B253ADB227991C3004A254A /* Meal.swift */,
				9B253AD922797262004A254A /* RatingControl.swift */,
			);
			path = demoviews;
			sourceTree = "<group>";
		};
		9B256102243984ED00787530 /* IMF-release */ = {
			isa = PBXGroup;
			children = (
				9B256103243984ED00787530 /* ImageMeasureResourceBundle.bundle */,
				9B256104243984ED00787530 /* Gallery */,
				9B256107243984ED00787530 /* SnapKit */,
				9B25610A243984ED00787530 /* ImageMeasureFramework.framework.dSYM */,
				9B25610C243984ED00787530 /* NewPopMenu */,
				9B25610F243984ED00787530 /* ImageMeasureFramework.framework */,
				9B256110243984ED00787530 /* YALSideMenu */,
			);
			path = "IMF-release";
			sourceTree = "<group>";
		};
		9B256104243984ED00787530 /* Gallery */ = {
			isa = PBXGroup;
			children = (
				9B256105243984ED00787530 /* Gallery.framework.dSYM */,
				9B256106243984ED00787530 /* Gallery.framework */,
			);
			path = Gallery;
			sourceTree = "<group>";
		};
		9B256107243984ED00787530 /* SnapKit */ = {
			isa = PBXGroup;
			children = (
				9B256108243984ED00787530 /* SnapKit.framework.dSYM */,
				9B256109243984ED00787530 /* SnapKit.framework */,
			);
			path = SnapKit;
			sourceTree = "<group>";
		};
		9B25610C243984ED00787530 /* NewPopMenu */ = {
			isa = PBXGroup;
			children = (
				9B25610D243984ED00787530 /* PopMenu.framework */,
				9B25610E243984ED00787530 /* PopMenu.framework.dSYM */,
			);
			path = NewPopMenu;
			sourceTree = "<group>";
		};
		9B256110243984ED00787530 /* YALSideMenu */ = {
			isa = PBXGroup;
			children = (
				9B256111243984ED00787530 /* SideMenu.framework.dSYM */,
				9B256112243984ED00787530 /* SideMenu.framework */,
			);
			path = YALSideMenu;
			sourceTree = "<group>";
		};
/* End PBXGroup section */

/* Begin PBXNativeTarget section */
		9B253AA722792405004A254A /* IMF-demo */ = {
			isa = PBXNativeTarget;
			buildConfigurationList = 9B253AD022792406004A254A /* Build configuration list for PBXNativeTarget "IMF-demo" */;
			buildPhases = (
				9B253AA422792405004A254A /* Sources */,
				9B253AA522792405004A254A /* Frameworks */,
				9B253AA622792405004A254A /* Resources */,
				9B25605A2438C27800787530 /* Embed Frameworks */,
			);
			buildRules = (
			);
			dependencies = (
			);
			name = "IMF-demo";
			productName = hello;
			productReference = 9B253AA822792405004A254A /* IMF-demo.app */;
			productType = "com.apple.product-type.application";
		};
/* End PBXNativeTarget section */

/* Begin PBXProject section */
		9B253AA022792404004A254A /* Project object */ = {
			isa = PBXProject;
			attributes = {
				LastSwiftUpdateCheck = 1020;
				LastUpgradeCheck = 1020;
				ORGANIZATIONNAME = "王磊";
				TargetAttributes = {
					9B253AA722792405004A254A = {
						CreatedOnToolsVersion = 10.2.1;
					};
				};
			};
			buildConfigurationList = 9B253AA322792404004A254A /* Build configuration list for PBXProject "IMF-demo" */;
			compatibilityVersion = "Xcode 9.3";
			developmentRegion = en;
			hasScannedForEncodings = 0;
			knownRegions = (
				en,
				Base,
			);
			mainGroup = 9B253A9F22792404004A254A;
			productRefGroup = 9B253AA922792405004A254A /* Products */;
			projectDirPath = "";
			projectRoot = "";
			targets = (
				9B253AA722792405004A254A /* IMF-demo */,
			);
		};
/* End PBXProject section */

/* Begin PBXResourcesBuildPhase section */
		9B253AA622792405004A254A /* Resources */ = {
			isa = PBXResourcesBuildPhase;
			buildActionMask = 2147483647;
			files = (
				9B256113243984ED00787530 /* ImageMeasureResourceBundle.bundle in Resources */,
				9B25611B243984ED00787530 /* PopMenu.framework.dSYM in Resources */,
				9B256116243984ED00787530 /* SnapKit.framework.dSYM in Resources */,
				9B253AB622792406004A254A /* LaunchScreen.storyboard in Resources */,
				9B253AB322792406004A254A /* Assets.xcassets in Resources */,
				9B253AB122792405004A254A /* Main.storyboard in Resources */,
				9B25611D243984ED00787530 /* SideMenu.framework.dSYM in Resources */,
				9B256118243984ED00787530 /* ImageMeasureFramework.framework.dSYM in Resources */,
				9B256114243984ED00787530 /* Gallery.framework.dSYM in Resources */,
			);
			runOnlyForDeploymentPostprocessing = 0;
		};
/* End PBXResourcesBuildPhase section */

/* Begin PBXSourcesBuildPhase section */
		9B253AA422792405004A254A /* Sources */ = {
			isa = PBXSourcesBuildPhase;
			buildActionMask = 2147483647;
			files = (
				9B2560D72439693A00787530 /* ViewController.swift in Sources */,
				9B253ADC227991C3004A254A /* Meal.swift in Sources */,
				9B253AAE22792405004A254A /* DemoViewController.swift in Sources */,
				9B253ADA22797262004A254A /* RatingControl.swift in Sources */,
				9B253AAC22792405004A254A /* AppDelegate.swift in Sources */,
			);
			runOnlyForDeploymentPostprocessing = 0;
		};
/* End PBXSourcesBuildPhase section */

/* Begin PBXVariantGroup section */
		9B253AAF22792405004A254A /* Main.storyboard */ = {
			isa = PBXVariantGroup;
			children = (
				9B253AB022792405004A254A /* Base */,
			);
			name = Main.storyboard;
			sourceTree = "<group>";
		};
		9B253AB422792406004A254A /* LaunchScreen.storyboard */ = {
			isa = PBXVariantGroup;
			children = (
				9B253AB522792406004A254A /* Base */,
			);
			name = LaunchScreen.storyboard;
			sourceTree = "<group>";
		};
/* End PBXVariantGroup section */

/* Begin XCBuildConfiguration section */
		9B253ACE22792406004A254A /* Debug */ = {
			isa = XCBuildConfiguration;
			buildSettings = {
				ALWAYS_SEARCH_USER_PATHS = NO;
				CLANG_ANALYZER_NONNULL = YES;
				CLANG_ANALYZER_NUMBER_OBJECT_CONVERSION = YES_AGGRESSIVE;
				CLANG_CXX_LANGUAGE_STANDARD = "gnu++14";
				CLANG_CXX_LIBRARY = "libc++";
				CLANG_ENABLE_MODULES = YES;
				CLANG_ENABLE_OBJC_ARC = YES;
				CLANG_ENABLE_OBJC_WEAK = YES;
				CLANG_WARN_BLOCK_CAPTURE_AUTORELEASING = YES;
				CLANG_WARN_BOOL_CONVERSION = YES;
				CLANG_WARN_COMMA = YES;
				CLANG_WARN_CONSTANT_CONVERSION = YES;
				CLANG_WARN_DEPRECATED_OBJC_IMPLEMENTATIONS = YES;
				CLANG_WARN_DIRECT_OBJC_ISA_USAGE = YES_ERROR;
				CLANG_WARN_DOCUMENTATION_COMMENTS = YES;
				CLANG_WARN_EMPTY_BODY = YES;
				CLANG_WARN_ENUM_CONVERSION = YES;
				CLANG_WARN_INFINITE_RECURSION = YES;
				CLANG_WARN_INT_CONVERSION = YES;
				CLANG_WARN_NON_LITERAL_NULL_CONVERSION = YES;
				CLANG_WARN_OBJC_IMPLICIT_RETAIN_SELF = YES;
				CLANG_WARN_OBJC_LITERAL_CONVERSION = YES;
				CLANG_WARN_OBJC_ROOT_CLASS = YES_ERROR;
				CLANG_WARN_RANGE_LOOP_ANALYSIS = YES;
				CLANG_WARN_STRICT_PROTOTYPES = YES;
				CLANG_WARN_SUSPICIOUS_MOVE = YES;
				CLANG_WARN_UNGUARDED_AVAILABILITY = YES_AGGRESSIVE;
				CLANG_WARN_UNREACHABLE_CODE = YES;
				CLANG_WARN__DUPLICATE_METHOD_MATCH = YES;
				CODE_SIGN_IDENTITY = "iPhone Developer";
				COPY_PHASE_STRIP = NO;
				DEBUG_INFORMATION_FORMAT = dwarf;
				ENABLE_STRICT_OBJC_MSGSEND = YES;
				ENABLE_TESTABILITY = YES;
				GCC_C_LANGUAGE_STANDARD = gnu11;
				GCC_DYNAMIC_NO_PIC = NO;
				GCC_NO_COMMON_BLOCKS = YES;
				GCC_OPTIMIZATION_LEVEL = 0;
				GCC_PREPROCESSOR_DEFINITIONS = (
					"DEBUG=1",
					"$(inherited)",
				);
				GCC_WARN_64_TO_32_BIT_CONVERSION = YES;
				GCC_WARN_ABOUT_RETURN_TYPE = YES_ERROR;
				GCC_WARN_UNDECLARED_SELECTOR = YES;
				GCC_WARN_UNINITIALIZED_AUTOS = YES_AGGRESSIVE;
				GCC_WARN_UNUSED_FUNCTION = YES;
				GCC_WARN_UNUSED_VARIABLE = YES;
				IPHONEOS_DEPLOYMENT_TARGET = 11.0;
				MTL_ENABLE_DEBUG_INFO = INCLUDE_SOURCE;
				MTL_FAST_MATH = YES;
				ONLY_ACTIVE_ARCH = YES;
				SDKROOT = iphoneos;
				SWIFT_ACTIVE_COMPILATION_CONDITIONS = DEBUG;
				SWIFT_OPTIMIZATION_LEVEL = "-Onone";
			};
			name = Debug;
		};
		9B253ACF22792406004A254A /* Release */ = {
			isa = XCBuildConfiguration;
			buildSettings = {
				ALWAYS_SEARCH_USER_PATHS = NO;
				CLANG_ANALYZER_NONNULL = YES;
				CLANG_ANALYZER_NUMBER_OBJECT_CONVERSION = YES_AGGRESSIVE;
				CLANG_CXX_LANGUAGE_STANDARD = "gnu++14";
				CLANG_CXX_LIBRARY = "libc++";
				CLANG_ENABLE_MODULES = YES;
				CLANG_ENABLE_OBJC_ARC = YES;
				CLANG_ENABLE_OBJC_WEAK = YES;
				CLANG_WARN_BLOCK_CAPTURE_AUTORELEASING = YES;
				CLANG_WARN_BOOL_CONVERSION = YES;
				CLANG_WARN_COMMA = YES;
				CLANG_WARN_CONSTANT_CONVERSION = YES;
				CLANG_WARN_DEPRECATED_OBJC_IMPLEMENTATIONS = YES;
				CLANG_WARN_DIRECT_OBJC_ISA_USAGE = YES_ERROR;
				CLANG_WARN_DOCUMENTATION_COMMENTS = YES;
				CLANG_WARN_EMPTY_BODY = YES;
				CLANG_WARN_ENUM_CONVERSION = YES;
				CLANG_WARN_INFINITE_RECURSION = YES;
				CLANG_WARN_INT_CONVERSION = YES;
				CLANG_WARN_NON_LITERAL_NULL_CONVERSION = YES;
				CLANG_WARN_OBJC_IMPLICIT_RETAIN_SELF = YES;
				CLANG_WARN_OBJC_LITERAL_CONVERSION = YES;
				CLANG_WARN_OBJC_ROOT_CLASS = YES_ERROR;
				CLANG_WARN_RANGE_LOOP_ANALYSIS = YES;
				CLANG_WARN_STRICT_PROTOTYPES = YES;
				CLANG_WARN_SUSPICIOUS_MOVE = YES;
				CLANG_WARN_UNGUARDED_AVAILABILITY = YES_AGGRESSIVE;
				CLANG_WARN_UNREACHABLE_CODE = YES;
				CLANG_WARN__DUPLICATE_METHOD_MATCH = YES;
				CODE_SIGN_IDENTITY = "iPhone Developer";
				COPY_PHASE_STRIP = NO;
				DEBUG_INFORMATION_FORMAT = "dwarf-with-dsym";
				ENABLE_NS_ASSERTIONS = NO;
				ENABLE_STRICT_OBJC_MSGSEND = YES;
				GCC_C_LANGUAGE_STANDARD = gnu11;
				GCC_NO_COMMON_BLOCKS = YES;
				GCC_WARN_64_TO_32_BIT_CONVERSION = YES;
				GCC_WARN_ABOUT_RETURN_TYPE = YES_ERROR;
				GCC_WARN_UNDECLARED_SELECTOR = YES;
				GCC_WARN_UNINITIALIZED_AUTOS = YES_AGGRESSIVE;
				GCC_WARN_UNUSED_FUNCTION = YES;
				GCC_WARN_UNUSED_VARIABLE = YES;
				IPHONEOS_DEPLOYMENT_TARGET = 11.0;
				MTL_ENABLE_DEBUG_INFO = NO;
				MTL_FAST_MATH = YES;
				SDKROOT = iphoneos;
				SWIFT_COMPILATION_MODE = wholemodule;
				SWIFT_OPTIMIZATION_LEVEL = "-O";
				VALIDATE_PRODUCT = YES;
			};
			name = Release;
		};
		9B253AD122792406004A254A /* Debug */ = {
			isa = XCBuildConfiguration;
			buildSettings = {
				ASSETCATALOG_COMPILER_APPICON_NAME = AppIcon;
				CODE_SIGN_STYLE = Automatic;
				CURRENT_PROJECT_VERSION = "1.0504_customer-release";
				DEVELOPMENT_TEAM = B84DNK4C4R;
				FRAMEWORK_SEARCH_PATHS = (
					"$(inherited)",
					"$(PROJECT_DIR)/Release-iphoneos/Gallery",
					"$(PROJECT_DIR)/Release-iphoneos/SnapKit",
					"$(PROJECT_DIR)/Release-iphoneos",
					"$(PROJECT_DIR)/Release-iphoneos/NewPopMenu",
					"$(PROJECT_DIR)/Release-iphoneos/YALSideMenu",
					"$(PROJECT_DIR)/Debug-iphoneos/Gallery",
					"$(PROJECT_DIR)/Debug-iphoneos/SnapKit",
					"$(PROJECT_DIR)/Debug-iphoneos",
					"$(PROJECT_DIR)/Debug-iphoneos/NewPopMenu",
					"$(PROJECT_DIR)/Debug-iphoneos/YALSideMenu",
					"$(PROJECT_DIR)/IMF-release/Gallery",
					"$(PROJECT_DIR)/IMF-release/SnapKit",
					"$(PROJECT_DIR)/IMF-release",
					"$(PROJECT_DIR)/IMF-release/NewPopMenu",
					"$(PROJECT_DIR)/IMF-release/YALSideMenu",
				);
				INFOPLIST_FILE = IMFDemoApp/Info.plist;
				LD_RUNPATH_SEARCH_PATHS = (
					"$(inherited)",
					"@executable_path/Frameworks",
				);
				PRODUCT_BUNDLE_IDENTIFIER = com.lei.hello;
				PRODUCT_NAME = "$(TARGET_NAME)";
				SWIFT_VERSION = 4.2;
				TARGETED_DEVICE_FAMILY = "1,2";
			};
			name = Debug;
		};
		9B253AD222792406004A254A /* Release */ = {
			isa = XCBuildConfiguration;
			buildSettings = {
				ASSETCATALOG_COMPILER_APPICON_NAME = AppIcon;
				CODE_SIGN_STYLE = Automatic;
				CURRENT_PROJECT_VERSION = "1.0504_customer-release";
				DEVELOPMENT_TEAM = B84DNK4C4R;
				FRAMEWORK_SEARCH_PATHS = (
					"$(inherited)",
					"$(PROJECT_DIR)/Release-iphoneos/Gallery",
					"$(PROJECT_DIR)/Release-iphoneos/SnapKit",
					"$(PROJECT_DIR)/Release-iphoneos",
					"$(PROJECT_DIR)/Release-iphoneos/NewPopMenu",
					"$(PROJECT_DIR)/Release-iphoneos/YALSideMenu",
					"$(PROJECT_DIR)/Debug-iphoneos/Gallery",
					"$(PROJECT_DIR)/Debug-iphoneos/SnapKit",
					"$(PROJECT_DIR)/Debug-iphoneos",
					"$(PROJECT_DIR)/Debug-iphoneos/NewPopMenu",
					"$(PROJECT_DIR)/Debug-iphoneos/YALSideMenu",
					"$(PROJECT_DIR)/IMF-release/Gallery",
					"$(PROJECT_DIR)/IMF-release/SnapKit",
					"$(PROJECT_DIR)/IMF-release",
					"$(PROJECT_DIR)/IMF-release/NewPopMenu",
					"$(PROJECT_DIR)/IMF-release/YALSideMenu",
				);
				INFOPLIST_FILE = IMFDemoApp/Info.plist;
				LD_RUNPATH_SEARCH_PATHS = (
					"$(inherited)",
					"@executable_path/Frameworks",
				);
				PRODUCT_BUNDLE_IDENTIFIER = com.lei.hello;
				PRODUCT_NAME = "$(TARGET_NAME)";
				SWIFT_VERSION = 4.2;
				TARGETED_DEVICE_FAMILY = "1,2";
			};
			name = Release;
		};
/* End XCBuildConfiguration section */

/* Begin XCConfigurationList section */
		9B253AA322792404004A254A /* Build configuration list for PBXProject "IMF-demo" */ = {
			isa = XCConfigurationList;
			buildConfigurations = (
				9B253ACE22792406004A254A /* Debug */,
				9B253ACF22792406004A254A /* Release */,
			);
			defaultConfigurationIsVisible = 0;
			defaultConfigurationName = Release;
		};
		9B253AD022792406004A254A /* Build configuration list for PBXNativeTarget "IMF-demo" */ = {
			isa = XCConfigurationList;
			buildConfigurations = (
				9B253AD122792406004A254A /* Debug */,
				9B253AD222792406004A254A /* Release */,
			);
			defaultConfigurationIsVisible = 0;
			defaultConfigurationName = Release;
		};
/* End XCConfigurationList section */
	};
	rootObject = 9B253AA022792404004A254A /* Project object */;
}
